// !$*UTF8*$!
{
	archiveVersion = 1;
	classes = {
	};
	objectVersion = 55;
	objects = {

/* Begin PBXBuildFile section */
		2440A6B5288C4A91002E18A5 /* rocket.json in Resources */ = {isa = PBXBuildFile; fileRef = 2440A6B4288C4A91002E18A5 /* rocket.json */; };
		245500FA2886871D00D0EBC5 /* CircleButtonView.swift in Sources */ = {isa = PBXBuildFile; fileRef = 245500F92886871D00D0EBC5 /* CircleButtonView.swift */; };
		245500FC28868DAB00D0EBC5 /* CoinModel.swift in Sources */ = {isa = PBXBuildFile; fileRef = 245500FB28868DAB00D0EBC5 /* CoinModel.swift */; };
		245500FE2886995800D0EBC5 /* CardView.swift in Sources */ = {isa = PBXBuildFile; fileRef = 245500FD2886995800D0EBC5 /* CardView.swift */; };
		245501002886A90F00D0EBC5 /* PreviewProvider.swift in Sources */ = {isa = PBXBuildFile; fileRef = 245500FF2886A90E00D0EBC5 /* PreviewProvider.swift */; };
		245501022886ACE300D0EBC5 /* Double.swift in Sources */ = {isa = PBXBuildFile; fileRef = 245501012886ACE300D0EBC5 /* Double.swift */; };
		24598565289BC2C800C21084 /* String.swift in Sources */ = {isa = PBXBuildFile; fileRef = 24598564289BC2C800C21084 /* String.swift */; };
		2465B430288C5D450077FE95 /* CoinDetailService.swift in Sources */ = {isa = PBXBuildFile; fileRef = 2465B42F288C5D450077FE95 /* CoinDetailService.swift */; };
		2465B432288C5D5D0077FE95 /* CoinDetailModel.swift in Sources */ = {isa = PBXBuildFile; fileRef = 2465B431288C5D5D0077FE95 /* CoinDetailModel.swift */; };
		2465B434288D40BA0077FE95 /* DetailViewModel.swift in Sources */ = {isa = PBXBuildFile; fileRef = 2465B433288D40BA0077FE95 /* DetailViewModel.swift */; };
		2465B436288D54730077FE95 /* StatisticsModel.swift in Sources */ = {isa = PBXBuildFile; fileRef = 2465B435288D54730077FE95 /* StatisticsModel.swift */; };
		2465B43A288D55570077FE95 /* StatisticsView.swift in Sources */ = {isa = PBXBuildFile; fileRef = 2465B439288D55570077FE95 /* StatisticsView.swift */; };
		24876F0028884137004D831A /* HomeViewModel.swift in Sources */ = {isa = PBXBuildFile; fileRef = 24876EFF28884137004D831A /* HomeViewModel.swift */; };
		24876F0328884A42004D831A /* CoinDataService.swift in Sources */ = {isa = PBXBuildFile; fileRef = 24876F0228884A42004D831A /* CoinDataService.swift */; };
		24876F062888559D004D831A /* NetworkManager.swift in Sources */ = {isa = PBXBuildFile; fileRef = 24876F052888559D004D831A /* NetworkManager.swift */; };
		24876F0828885892004D831A /* CoinImageView.swift in Sources */ = {isa = PBXBuildFile; fileRef = 24876F0728885892004D831A /* CoinImageView.swift */; };
		24876F0D28885AB4004D831A /* CoinImageService.swift in Sources */ = {isa = PBXBuildFile; fileRef = 24876F0C28885AB4004D831A /* CoinImageService.swift */; };
		24A1D77328865AFC00908B82 /* HomeView.swift in Sources */ = {isa = PBXBuildFile; fileRef = 24A1D77228865AFC00908B82 /* HomeView.swift */; };
		24A1D7782886616F00908B82 /* Lottie in Frameworks */ = {isa = PBXBuildFile; productRef = 24A1D7772886616F00908B82 /* Lottie */; };
		24A1D77B28866B2C00908B82 /* Color.swift in Sources */ = {isa = PBXBuildFile; fileRef = 24A1D77A28866B2C00908B82 /* Color.swift */; };
		24A1D77D28866C5E00908B82 /* LottieView.swift in Sources */ = {isa = PBXBuildFile; fileRef = 24A1D77C28866C5E00908B82 /* LottieView.swift */; };
		24BEF5F0289D1E7E00E9E89F /* HomeStatsView.swift in Sources */ = {isa = PBXBuildFile; fileRef = 24BEF5EF289D1E7E00E9E89F /* HomeStatsView.swift */; };
		24BEF5F2289D20EE00E9E89F /* MarketDataModel.swift in Sources */ = {isa = PBXBuildFile; fileRef = 24BEF5F1289D20EE00E9E89F /* MarketDataModel.swift */; };
		24BEF5F4289D233600E9E89F /* MarketService.swift in Sources */ = {isa = PBXBuildFile; fileRef = 24BEF5F3289D233600E9E89F /* MarketService.swift */; };
		24BEF5F6289D2D7600E9E89F /* Favorites.swift in Sources */ = {isa = PBXBuildFile; fileRef = 24BEF5F5289D2D7600E9E89F /* Favorites.swift */; };
		24BEF5F8289D808600E9E89F /* CircleProgressBarView.swift in Sources */ = {isa = PBXBuildFile; fileRef = 24BEF5F7289D808600E9E89F /* CircleProgressBarView.swift */; };
		24C7D0C2288A41C0003837D4 /* DetailView.swift in Sources */ = {isa = PBXBuildFile; fileRef = 24C7D0C1288A41C0003837D4 /* DetailView.swift */; };
		24C83AF82885B6B000056E99 /* MoonbagApp.swift in Sources */ = {isa = PBXBuildFile; fileRef = 24C83AF72885B6B000056E99 /* MoonbagApp.swift */; };
		24C83AFA2885B6B000056E99 /* LaunchView.swift in Sources */ = {isa = PBXBuildFile; fileRef = 24C83AF92885B6B000056E99 /* LaunchView.swift */; };
		24C83AFC2885B6B100056E99 /* Assets.xcassets in Resources */ = {isa = PBXBuildFile; fileRef = 24C83AFB2885B6B100056E99 /* Assets.xcassets */; };
		24C83AFF2885B6B100056E99 /* Preview Assets.xcassets in Resources */ = {isa = PBXBuildFile; fileRef = 24C83AFE2885B6B100056E99 /* Preview Assets.xcassets */; };
		24DEB6D02888729C003C42FD /* SearchBarView.swift in Sources */ = {isa = PBXBuildFile; fileRef = 24DEB6CF2888729C003C42FD /* SearchBarView.swift */; };
		24EFAC57288E961A00198C21 /* ChartView.swift in Sources */ = {isa = PBXBuildFile; fileRef = 24EFAC56288E961A00198C21 /* ChartView.swift */; };
		24EFAC59288EBA7200198C21 /* ChangePercentageView.swift in Sources */ = {isa = PBXBuildFile; fileRef = 24EFAC58288EBA7200198C21 /* ChangePercentageView.swift */; };
		24F626132889A59800F19B54 /* HapticManager.swift in Sources */ = {isa = PBXBuildFile; fileRef = 24F626122889A59800F19B54 /* HapticManager.swift */; };
		24F626192889AD8700F19B54 /* SwiftUICharts in Frameworks */ = {isa = PBXBuildFile; productRef = 24F626182889AD8700F19B54 /* SwiftUICharts */; };
/* End PBXBuildFile section */

/* Begin PBXFileReference section */
		2440A6B4288C4A91002E18A5 /* rocket.json */ = {isa = PBXFileReference; fileEncoding = 4; lastKnownFileType = text.json; path = rocket.json; sourceTree = "<group>"; };
		245500F92886871D00D0EBC5 /* CircleButtonView.swift */ = {isa = PBXFileReference; lastKnownFileType = sourcecode.swift; path = CircleButtonView.swift; sourceTree = "<group>"; };
		245500FB28868DAB00D0EBC5 /* CoinModel.swift */ = {isa = PBXFileReference; lastKnownFileType = sourcecode.swift; path = CoinModel.swift; sourceTree = "<group>"; };
		245500FD2886995800D0EBC5 /* CardView.swift */ = {isa = PBXFileReference; lastKnownFileType = sourcecode.swift; path = CardView.swift; sourceTree = "<group>"; };
		245500FF2886A90E00D0EBC5 /* PreviewProvider.swift */ = {isa = PBXFileReference; lastKnownFileType = sourcecode.swift; path = PreviewProvider.swift; sourceTree = "<group>"; };
		245501012886ACE300D0EBC5 /* Double.swift */ = {isa = PBXFileReference; lastKnownFileType = sourcecode.swift; path = Double.swift; sourceTree = "<group>"; };
		24598564289BC2C800C21084 /* String.swift */ = {isa = PBXFileReference; fileEncoding = 4; lastKnownFileType = sourcecode.swift; name = String.swift; path = ../../../../../Downloads/Resources/Extensions/String.swift; sourceTree = "<group>"; };
		2465B42F288C5D450077FE95 /* CoinDetailService.swift */ = {isa = PBXFileReference; lastKnownFileType = sourcecode.swift; path = CoinDetailService.swift; sourceTree = "<group>"; };
		2465B431288C5D5D0077FE95 /* CoinDetailModel.swift */ = {isa = PBXFileReference; lastKnownFileType = sourcecode.swift; path = CoinDetailModel.swift; sourceTree = "<group>"; };
		2465B433288D40BA0077FE95 /* DetailViewModel.swift */ = {isa = PBXFileReference; lastKnownFileType = sourcecode.swift; path = DetailViewModel.swift; sourceTree = "<group>"; };
		2465B435288D54730077FE95 /* StatisticsModel.swift */ = {isa = PBXFileReference; lastKnownFileType = sourcecode.swift; path = StatisticsModel.swift; sourceTree = "<group>"; };
		2465B439288D55570077FE95 /* StatisticsView.swift */ = {isa = PBXFileReference; lastKnownFileType = sourcecode.swift; path = StatisticsView.swift; sourceTree = "<group>"; };
		24876EFF28884137004D831A /* HomeViewModel.swift */ = {isa = PBXFileReference; lastKnownFileType = sourcecode.swift; path = HomeViewModel.swift; sourceTree = "<group>"; };
		24876F0228884A42004D831A /* CoinDataService.swift */ = {isa = PBXFileReference; lastKnownFileType = sourcecode.swift; path = CoinDataService.swift; sourceTree = "<group>"; };
		24876F052888559D004D831A /* NetworkManager.swift */ = {isa = PBXFileReference; lastKnownFileType = sourcecode.swift; path = NetworkManager.swift; sourceTree = "<group>"; };
		24876F0728885892004D831A /* CoinImageView.swift */ = {isa = PBXFileReference; lastKnownFileType = sourcecode.swift; path = CoinImageView.swift; sourceTree = "<group>"; };
		24876F0C28885AB4004D831A /* CoinImageService.swift */ = {isa = PBXFileReference; lastKnownFileType = sourcecode.swift; path = CoinImageService.swift; sourceTree = "<group>"; };
		24A1D77228865AFC00908B82 /* HomeView.swift */ = {isa = PBXFileReference; lastKnownFileType = sourcecode.swift; path = HomeView.swift; sourceTree = "<group>"; };
		24A1D77A28866B2C00908B82 /* Color.swift */ = {isa = PBXFileReference; lastKnownFileType = sourcecode.swift; path = Color.swift; sourceTree = "<group>"; };
		24A1D77C28866C5E00908B82 /* LottieView.swift */ = {isa = PBXFileReference; lastKnownFileType = sourcecode.swift; path = LottieView.swift; sourceTree = "<group>"; };
		24BEF5EF289D1E7E00E9E89F /* HomeStatsView.swift */ = {isa = PBXFileReference; lastKnownFileType = sourcecode.swift; path = HomeStatsView.swift; sourceTree = "<group>"; };
		24BEF5F1289D20EE00E9E89F /* MarketDataModel.swift */ = {isa = PBXFileReference; lastKnownFileType = sourcecode.swift; path = MarketDataModel.swift; sourceTree = "<group>"; };
		24BEF5F3289D233600E9E89F /* MarketService.swift */ = {isa = PBXFileReference; lastKnownFileType = sourcecode.swift; path = MarketService.swift; sourceTree = "<group>"; };
		24BEF5F5289D2D7600E9E89F /* Favorites.swift */ = {isa = PBXFileReference; lastKnownFileType = sourcecode.swift; path = Favorites.swift; sourceTree = "<group>"; };
		24BEF5F7289D808600E9E89F /* CircleProgressBarView.swift */ = {isa = PBXFileReference; lastKnownFileType = sourcecode.swift; path = CircleProgressBarView.swift; sourceTree = "<group>"; };
		24C7D0C1288A41C0003837D4 /* DetailView.swift */ = {isa = PBXFileReference; lastKnownFileType = sourcecode.swift; path = DetailView.swift; sourceTree = "<group>"; };
		24C83AF42885B6B000056E99 /* Moonbag.app */ = {isa = PBXFileReference; explicitFileType = wrapper.application; includeInIndex = 0; path = Moonbag.app; sourceTree = BUILT_PRODUCTS_DIR; };
		24C83AF72885B6B000056E99 /* MoonbagApp.swift */ = {isa = PBXFileReference; lastKnownFileType = sourcecode.swift; path = MoonbagApp.swift; sourceTree = "<group>"; };
		24C83AF92885B6B000056E99 /* LaunchView.swift */ = {isa = PBXFileReference; lastKnownFileType = sourcecode.swift; path = LaunchView.swift; sourceTree = "<group>"; };
		24C83AFB2885B6B100056E99 /* Assets.xcassets */ = {isa = PBXFileReference; lastKnownFileType = folder.assetcatalog; path = Assets.xcassets; sourceTree = "<group>"; };
		24C83AFE2885B6B100056E99 /* Preview Assets.xcassets */ = {isa = PBXFileReference; lastKnownFileType = folder.assetcatalog; path = "Preview Assets.xcassets"; sourceTree = "<group>"; };
		24DEB6CF2888729C003C42FD /* SearchBarView.swift */ = {isa = PBXFileReference; lastKnownFileType = sourcecode.swift; path = SearchBarView.swift; sourceTree = "<group>"; };
		24EFAC56288E961A00198C21 /* ChartView.swift */ = {isa = PBXFileReference; lastKnownFileType = sourcecode.swift; path = ChartView.swift; sourceTree = "<group>"; };
		24EFAC58288EBA7200198C21 /* ChangePercentageView.swift */ = {isa = PBXFileReference; lastKnownFileType = sourcecode.swift; path = ChangePercentageView.swift; sourceTree = "<group>"; };
		24F626122889A59800F19B54 /* HapticManager.swift */ = {isa = PBXFileReference; lastKnownFileType = sourcecode.swift; path = HapticManager.swift; sourceTree = "<group>"; };
/* End PBXFileReference section */

/* Begin PBXFrameworksBuildPhase section */
		24C83AF12885B6B000056E99 /* Frameworks */ = {
			isa = PBXFrameworksBuildPhase;
			buildActionMask = 2147483647;
			files = (
				24F626192889AD8700F19B54 /* SwiftUICharts in Frameworks */,
				24A1D7782886616F00908B82 /* Lottie in Frameworks */,
			);
			runOnlyForDeploymentPostprocessing = 0;
		};
/* End PBXFrameworksBuildPhase section */

/* Begin PBXGroup section */
		245500F6288686A200D0EBC5 /* Components */ = {
			isa = PBXGroup;
			children = (
				24876F0728885892004D831A /* CoinImageView.swift */,
				245500F92886871D00D0EBC5 /* CircleButtonView.swift */,
				245500FD2886995800D0EBC5 /* CardView.swift */,
				24DEB6CF2888729C003C42FD /* SearchBarView.swift */,
				2465B439288D55570077FE95 /* StatisticsView.swift */,
				24EFAC56288E961A00198C21 /* ChartView.swift */,
				24EFAC58288EBA7200198C21 /* ChangePercentageView.swift */,
				24BEF5EF289D1E7E00E9E89F /* HomeStatsView.swift */,
				24BEF5F7289D808600E9E89F /* CircleProgressBarView.swift */,
			);
			path = Components;
			sourceTree = "<group>";
		};
		245500F7288686AF00D0EBC5 /* Views */ = {
			isa = PBXGroup;
			children = (
				24876EFE28883C13004D831A /* ViewModels */,
				24C83AF92885B6B000056E99 /* LaunchView.swift */,
				24A1D77228865AFC00908B82 /* HomeView.swift */,
				24C7D0C1288A41C0003837D4 /* DetailView.swift */,
			);
			path = Views;
			sourceTree = "<group>";
		};
		245500F8288686BD00D0EBC5 /* Models */ = {
			isa = PBXGroup;
			children = (
				245500FB28868DAB00D0EBC5 /* CoinModel.swift */,
				2465B431288C5D5D0077FE95 /* CoinDetailModel.swift */,
				2465B435288D54730077FE95 /* StatisticsModel.swift */,
				24BEF5F1289D20EE00E9E89F /* MarketDataModel.swift */,
			);
			path = Models;
			sourceTree = "<group>";
		};
		24876EFE28883C13004D831A /* ViewModels */ = {
			isa = PBXGroup;
			children = (
				24876EFF28884137004D831A /* HomeViewModel.swift */,
				2465B433288D40BA0077FE95 /* DetailViewModel.swift */,
			);
			path = ViewModels;
			sourceTree = "<group>";
		};
		24876F0128884A26004D831A /* Services */ = {
			isa = PBXGroup;
			children = (
				24876F0228884A42004D831A /* CoinDataService.swift */,
				24876F0C28885AB4004D831A /* CoinImageService.swift */,
				2465B42F288C5D450077FE95 /* CoinDetailService.swift */,
				24BEF5F3289D233600E9E89F /* MarketService.swift */,
			);
			path = Services;
			sourceTree = "<group>";
		};
		24876F0428885591004D831A /* Utils */ = {
			isa = PBXGroup;
			children = (
				24BEF5F5289D2D7600E9E89F /* Favorites.swift */,
				24876F052888559D004D831A /* NetworkManager.swift */,
				24F626122889A59800F19B54 /* HapticManager.swift */,
			);
			path = Utils;
			sourceTree = "<group>";
		};
		24A1D77928866B1700908B82 /* Extension */ = {
			isa = PBXGroup;
			children = (
				24598564289BC2C800C21084 /* String.swift */,
				24A1D77A28866B2C00908B82 /* Color.swift */,
				245500FF2886A90E00D0EBC5 /* PreviewProvider.swift */,
				245501012886ACE300D0EBC5 /* Double.swift */,
			);
			path = Extension;
			sourceTree = "<group>";
		};
		24A1D77E28866EA000908B82 /* Lottie */ = {
			isa = PBXGroup;
			children = (
				2440A6B4288C4A91002E18A5 /* rocket.json */,
				24A1D77C28866C5E00908B82 /* LottieView.swift */,
			);
			path = Lottie;
			sourceTree = "<group>";
		};
		24C83AEB2885B6B000056E99 = {
			isa = PBXGroup;
			children = (
				24C83AF62885B6B000056E99 /* Moonbag */,
				24C83AF52885B6B000056E99 /* Products */,
			);
			sourceTree = "<group>";
		};
		24C83AF52885B6B000056E99 /* Products */ = {
			isa = PBXGroup;
			children = (
				24C83AF42885B6B000056E99 /* Moonbag.app */,
			);
			name = Products;
			sourceTree = "<group>";
		};
		24C83AF62885B6B000056E99 /* Moonbag */ = {
			isa = PBXGroup;
			children = (
				24C83AF72885B6B000056E99 /* MoonbagApp.swift */,
				24C83AFB2885B6B100056E99 /* Assets.xcassets */,
				245500F6288686A200D0EBC5 /* Components */,
				24A1D77928866B1700908B82 /* Extension */,
				24A1D77E28866EA000908B82 /* Lottie */,
				245500F8288686BD00D0EBC5 /* Models */,
				24C83AFD2885B6B100056E99 /* Preview Content */,
				24876F0128884A26004D831A /* Services */,
				24876F0428885591004D831A /* Utils */,
				245500F7288686AF00D0EBC5 /* Views */,
			);
			path = Moonbag;
			sourceTree = "<group>";
		};
		24C83AFD2885B6B100056E99 /* Preview Content */ = {
			isa = PBXGroup;
			children = (
				24C83AFE2885B6B100056E99 /* Preview Assets.xcassets */,
			);
			path = "Preview Content";
			sourceTree = "<group>";
		};
/* End PBXGroup section */

/* Begin PBXNativeTarget section */
		24C83AF32885B6B000056E99 /* Moonbag */ = {
			isa = PBXNativeTarget;
			buildConfigurationList = 24C83B022885B6B100056E99 /* Build configuration list for PBXNativeTarget "Moonbag" */;
			buildPhases = (
				24C83AF02885B6B000056E99 /* Sources */,
				24C83AF12885B6B000056E99 /* Frameworks */,
				24C83AF22885B6B000056E99 /* Resources */,
			);
			buildRules = (
			);
			dependencies = (
			);
			name = Moonbag;
			packageProductDependencies = (
				24A1D7772886616F00908B82 /* Lottie */,
				24F626182889AD8700F19B54 /* SwiftUICharts */,
			);
			productName = Moonbag;
			productReference = 24C83AF42885B6B000056E99 /* Moonbag.app */;
			productType = "com.apple.product-type.application";
		};
/* End PBXNativeTarget section */

/* Begin PBXProject section */
		24C83AEC2885B6B000056E99 /* Project object */ = {
			isa = PBXProject;
			attributes = {
				BuildIndependentTargetsInParallel = 1;
				LastSwiftUpdateCheck = 1340;
				LastUpgradeCheck = 1340;
				TargetAttributes = {
					24C83AF32885B6B000056E99 = {
						CreatedOnToolsVersion = 13.4.1;
					};
				};
			};
			buildConfigurationList = 24C83AEF2885B6B000056E99 /* Build configuration list for PBXProject "Moonbag" */;
			compatibilityVersion = "Xcode 13.0";
			developmentRegion = en;
			hasScannedForEncodings = 0;
			knownRegions = (
				en,
				Base,
			);
			mainGroup = 24C83AEB2885B6B000056E99;
			packageReferences = (
				24A1D7762886616F00908B82 /* XCRemoteSwiftPackageReference "lottie-ios" */,
				24F626172889AD8700F19B54 /* XCRemoteSwiftPackageReference "ChartView" */,
			);
			productRefGroup = 24C83AF52885B6B000056E99 /* Products */;
			projectDirPath = "";
			projectRoot = "";
			targets = (
				24C83AF32885B6B000056E99 /* Moonbag */,
			);
		};
/* End PBXProject section */

/* Begin PBXResourcesBuildPhase section */
		24C83AF22885B6B000056E99 /* Resources */ = {
			isa = PBXResourcesBuildPhase;
			buildActionMask = 2147483647;
			files = (
				24C83AFF2885B6B100056E99 /* Preview Assets.xcassets in Resources */,
				24C83AFC2885B6B100056E99 /* Assets.xcassets in Resources */,
				2440A6B5288C4A91002E18A5 /* rocket.json in Resources */,
			);
			runOnlyForDeploymentPostprocessing = 0;
		};
/* End PBXResourcesBuildPhase section */

/* Begin PBXSourcesBuildPhase section */
		24C83AF02885B6B000056E99 /* Sources */ = {
			isa = PBXSourcesBuildPhase;
			buildActionMask = 2147483647;
			files = (
				24F626132889A59800F19B54 /* HapticManager.swift in Sources */,
				24C7D0C2288A41C0003837D4 /* DetailView.swift in Sources */,
				24BEF5F0289D1E7E00E9E89F /* HomeStatsView.swift in Sources */,
				2465B43A288D55570077FE95 /* StatisticsView.swift in Sources */,
				24876F0328884A42004D831A /* CoinDataService.swift in Sources */,
				24A1D77328865AFC00908B82 /* HomeView.swift in Sources */,
				245500FE2886995800D0EBC5 /* CardView.swift in Sources */,
				24BEF5F2289D20EE00E9E89F /* MarketDataModel.swift in Sources */,
				245500FA2886871D00D0EBC5 /* CircleButtonView.swift in Sources */,
				24A1D77B28866B2C00908B82 /* Color.swift in Sources */,
				24C83AFA2885B6B000056E99 /* LaunchView.swift in Sources */,
				24C83AF82885B6B000056E99 /* MoonbagApp.swift in Sources */,
				2465B432288C5D5D0077FE95 /* CoinDetailModel.swift in Sources */,
				24876F0028884137004D831A /* HomeViewModel.swift in Sources */,
				245500FC28868DAB00D0EBC5 /* CoinModel.swift in Sources */,
				24BEF5F6289D2D7600E9E89F /* Favorites.swift in Sources */,
				24A1D77D28866C5E00908B82 /* LottieView.swift in Sources */,
				24598565289BC2C800C21084 /* String.swift in Sources */,
				24876F0828885892004D831A /* CoinImageView.swift in Sources */,
				245501022886ACE300D0EBC5 /* Double.swift in Sources */,
				24876F062888559D004D831A /* NetworkManager.swift in Sources */,
				24EFAC59288EBA7200198C21 /* ChangePercentageView.swift in Sources */,
				2465B436288D54730077FE95 /* StatisticsModel.swift in Sources */,
				2465B434288D40BA0077FE95 /* DetailViewModel.swift in Sources */,
				24BEF5F4289D233600E9E89F /* MarketService.swift in Sources */,
				24876F0D28885AB4004D831A /* CoinImageService.swift in Sources */,
				24BEF5F8289D808600E9E89F /* CircleProgressBarView.swift in Sources */,
				24DEB6D02888729C003C42FD /* SearchBarView.swift in Sources */,
				245501002886A90F00D0EBC5 /* PreviewProvider.swift in Sources */,
				2465B430288C5D450077FE95 /* CoinDetailService.swift in Sources */,
				24EFAC57288E961A00198C21 /* ChartView.swift in Sources */,
			);
			runOnlyForDeploymentPostprocessing = 0;
		};
/* End PBXSourcesBuildPhase section */

/* Begin XCBuildConfiguration section */
		24C83B002885B6B100056E99 /* Debug */ = {
			isa = XCBuildConfiguration;
			buildSettings = {
				ALWAYS_SEARCH_USER_PATHS = NO;
				CLANG_ANALYZER_NONNULL = YES;
				CLANG_ANALYZER_NUMBER_OBJECT_CONVERSION = YES_AGGRESSIVE;
				CLANG_CXX_LANGUAGE_STANDARD = "gnu++17";
				CLANG_ENABLE_MODULES = YES;
				CLANG_ENABLE_OBJC_ARC = YES;
				CLANG_ENABLE_OBJC_WEAK = YES;
				CLANG_WARN_BLOCK_CAPTURE_AUTORELEASING = YES;
				CLANG_WARN_BOOL_CONVERSION = YES;
				CLANG_WARN_COMMA = YES;
				CLANG_WARN_CONSTANT_CONVERSION = YES;
				CLANG_WARN_DEPRECATED_OBJC_IMPLEMENTATIONS = YES;
				CLANG_WARN_DIRECT_OBJC_ISA_USAGE = YES_ERROR;
				CLANG_WARN_DOCUMENTATION_COMMENTS = YES;
				CLANG_WARN_EMPTY_BODY = YES;
				CLANG_WARN_ENUM_CONVERSION = YES;
				CLANG_WARN_INFINITE_RECURSION = YES;
				CLANG_WARN_INT_CONVERSION = YES;
				CLANG_WARN_NON_LITERAL_NULL_CONVERSION = YES;
				CLANG_WARN_OBJC_IMPLICIT_RETAIN_SELF = YES;
				CLANG_WARN_OBJC_LITERAL_CONVERSION = YES;
				CLANG_WARN_OBJC_ROOT_CLASS = YES_ERROR;
				CLANG_WARN_QUOTED_INCLUDE_IN_FRAMEWORK_HEADER = YES;
				CLANG_WARN_RANGE_LOOP_ANALYSIS = YES;
				CLANG_WARN_STRICT_PROTOTYPES = YES;
				CLANG_WARN_SUSPICIOUS_MOVE = YES;
				CLANG_WARN_UNGUARDED_AVAILABILITY = YES_AGGRESSIVE;
				CLANG_WARN_UNREACHABLE_CODE = YES;
				CLANG_WARN__DUPLICATE_METHOD_MATCH = YES;
				COPY_PHASE_STRIP = NO;
				DEBUG_INFORMATION_FORMAT = dwarf;
				ENABLE_STRICT_OBJC_MSGSEND = YES;
				ENABLE_TESTABILITY = YES;
				GCC_C_LANGUAGE_STANDARD = gnu11;
				GCC_DYNAMIC_NO_PIC = NO;
				GCC_NO_COMMON_BLOCKS = YES;
				GCC_OPTIMIZATION_LEVEL = 0;
				GCC_PREPROCESSOR_DEFINITIONS = (
					"DEBUG=1",
					"$(inherited)",
				);
				GCC_WARN_64_TO_32_BIT_CONVERSION = YES;
				GCC_WARN_ABOUT_RETURN_TYPE = YES_ERROR;
				GCC_WARN_UNDECLARED_SELECTOR = YES;
				GCC_WARN_UNINITIALIZED_AUTOS = YES_AGGRESSIVE;
				GCC_WARN_UNUSED_FUNCTION = YES;
				GCC_WARN_UNUSED_VARIABLE = YES;
				IPHONEOS_DEPLOYMENT_TARGET = 15.5;
				MTL_ENABLE_DEBUG_INFO = INCLUDE_SOURCE;
				MTL_FAST_MATH = YES;
				ONLY_ACTIVE_ARCH = YES;
				SDKROOT = iphoneos;
				SWIFT_ACTIVE_COMPILATION_CONDITIONS = DEBUG;
				SWIFT_OPTIMIZATION_LEVEL = "-Onone";
			};
			name = Debug;
		};
		24C83B012885B6B100056E99 /* Release */ = {
			isa = XCBuildConfiguration;
			buildSettings = {
				ALWAYS_SEARCH_USER_PATHS = NO;
				CLANG_ANALYZER_NONNULL = YES;
				CLANG_ANALYZER_NUMBER_OBJECT_CONVERSION = YES_AGGRESSIVE;
				CLANG_CXX_LANGUAGE_STANDARD = "gnu++17";
				CLANG_ENABLE_MODULES = YES;
				CLANG_ENABLE_OBJC_ARC = YES;
				CLANG_ENABLE_OBJC_WEAK = YES;
				CLANG_WARN_BLOCK_CAPTURE_AUTORELEASING = YES;
				CLANG_WARN_BOOL_CONVERSION = YES;
				CLANG_WARN_COMMA = YES;
				CLANG_WARN_CONSTANT_CONVERSION = YES;
				CLANG_WARN_DEPRECATED_OBJC_IMPLEMENTATIONS = YES;
				CLANG_WARN_DIRECT_OBJC_ISA_USAGE = YES_ERROR;
				CLANG_WARN_DOCUMENTATION_COMMENTS = YES;
				CLANG_WARN_EMPTY_BODY = YES;
				CLANG_WARN_ENUM_CONVERSION = YES;
				CLANG_WARN_INFINITE_RECURSION = YES;
				CLANG_WARN_INT_CONVERSION = YES;
				CLANG_WARN_NON_LITERAL_NULL_CONVERSION = YES;
				CLANG_WARN_OBJC_IMPLICIT_RETAIN_SELF = YES;
				CLANG_WARN_OBJC_LITERAL_CONVERSION = YES;
				CLANG_WARN_OBJC_ROOT_CLASS = YES_ERROR;
				CLANG_WARN_QUOTED_INCLUDE_IN_FRAMEWORK_HEADER = YES;
				CLANG_WARN_RANGE_LOOP_ANALYSIS = YES;
				CLANG_WARN_STRICT_PROTOTYPES = YES;
				CLANG_WARN_SUSPICIOUS_MOVE = YES;
				CLANG_WARN_UNGUARDED_AVAILABILITY = YES_AGGRESSIVE;
				CLANG_WARN_UNREACHABLE_CODE = YES;
				CLANG_WARN__DUPLICATE_METHOD_MATCH = YES;
				COPY_PHASE_STRIP = NO;
				DEBUG_INFORMATION_FORMAT = "dwarf-with-dsym";
				ENABLE_NS_ASSERTIONS = NO;
				ENABLE_STRICT_OBJC_MSGSEND = YES;
				GCC_C_LANGUAGE_STANDARD = gnu11;
				GCC_NO_COMMON_BLOCKS = YES;
				GCC_WARN_64_TO_32_BIT_CONVERSION = YES;
				GCC_WARN_ABOUT_RETURN_TYPE = YES_ERROR;
				GCC_WARN_UNDECLARED_SELECTOR = YES;
				GCC_WARN_UNINITIALIZED_AUTOS = YES_AGGRESSIVE;
				GCC_WARN_UNUSED_FUNCTION = YES;
				GCC_WARN_UNUSED_VARIABLE = YES;
				IPHONEOS_DEPLOYMENT_TARGET = 15.5;
				MTL_ENABLE_DEBUG_INFO = NO;
				MTL_FAST_MATH = YES;
				SDKROOT = iphoneos;
				SWIFT_COMPILATION_MODE = wholemodule;
				SWIFT_OPTIMIZATION_LEVEL = "-O";
				VALIDATE_PRODUCT = YES;
			};
			name = Release;
		};
		24C83B032885B6B100056E99 /* Debug */ = {
			isa = XCBuildConfiguration;
			buildSettings = {
				ASSETCATALOG_COMPILER_APPICON_NAME = AppIcon;
				ASSETCATALOG_COMPILER_GLOBAL_ACCENT_COLOR_NAME = AccentColor;
				CODE_SIGN_STYLE = Automatic;
				CURRENT_PROJECT_VERSION = 1;
				DEVELOPMENT_ASSET_PATHS = "\"Moonbag/Preview Content\"";
				DEVELOPMENT_TEAM = Q4ZK4P569Q;
				ENABLE_PREVIEWS = YES;
				GENERATE_INFOPLIST_FILE = YES;
				INFOPLIST_KEY_UIApplicationSceneManifest_Generation = YES;
				INFOPLIST_KEY_UIApplicationSupportsIndirectInputEvents = YES;
				INFOPLIST_KEY_UILaunchScreen_Generation = YES;
				INFOPLIST_KEY_UISupportedInterfaceOrientations = UIInterfaceOrientationPortrait;
				INFOPLIST_KEY_UISupportedInterfaceOrientations_iPad = "UIInterfaceOrientationPortrait UIInterfaceOrientationPortraitUpsideDown UIInterfaceOrientationLandscapeLeft UIInterfaceOrientationLandscapeRight";
				INFOPLIST_KEY_UISupportedInterfaceOrientations_iPhone = "UIInterfaceOrientationPortrait UIInterfaceOrientationLandscapeLeft UIInterfaceOrientationLandscapeRight";
				IPHONEOS_DEPLOYMENT_TARGET = 14.7;
				LD_RUNPATH_SEARCH_PATHS = (
					"$(inherited)",
					"@executable_path/Frameworks",
				);
				MARKETING_VERSION = 1.0;
				PRODUCT_BUNDLE_IDENTIFIER = com.pcminh0505.Moonbag;
				PRODUCT_NAME = Moonbag;
				SWIFT_EMIT_LOC_STRINGS = YES;
				SWIFT_VERSION = 5.0;
				TARGETED_DEVICE_FAMILY = "1,2";
			};
			name = Debug;
		};
		24C83B042885B6B100056E99 /* Release */ = {
			isa = XCBuildConfiguration;
			buildSettings = {
				ASSETCATALOG_COMPILER_APPICON_NAME = AppIcon;
				ASSETCATALOG_COMPILER_GLOBAL_ACCENT_COLOR_NAME = AccentColor;
				CODE_SIGN_STYLE = Automatic;
				CURRENT_PROJECT_VERSION = 1;
				DEVELOPMENT_ASSET_PATHS = "\"Moonbag/Preview Content\"";
				DEVELOPMENT_TEAM = Q4ZK4P569Q;
				ENABLE_PREVIEWS = YES;
				GENERATE_INFOPLIST_FILE = YES;
				INFOPLIST_KEY_UIApplicationSceneManifest_Generation = YES;
				INFOPLIST_KEY_UIApplicationSupportsIndirectInputEvents = YES;
				INFOPLIST_KEY_UILaunchScreen_Generation = YES;
				INFOPLIST_KEY_UISupportedInterfaceOrientations = UIInterfaceOrientationPortrait;
				INFOPLIST_KEY_UISupportedInterfaceOrientations_iPad = "UIInterfaceOrientationPortrait UIInterfaceOrientationPortraitUpsideDown UIInterfaceOrientationLandscapeLeft UIInterfaceOrientationLandscapeRight";
				INFOPLIST_KEY_UISupportedInterfaceOrientations_iPhone = "UIInterfaceOrientationPortrait UIInterfaceOrientationLandscapeLeft UIInterfaceOrientationLandscapeRight";
				IPHONEOS_DEPLOYMENT_TARGET = 14.7;
				LD_RUNPATH_SEARCH_PATHS = (
					"$(inherited)",
					"@executable_path/Frameworks",
				);
				MARKETING_VERSION = 1.0;
				PRODUCT_BUNDLE_IDENTIFIER = com.pcminh0505.Moonbag;
				PRODUCT_NAME = Moonbag;
				SWIFT_EMIT_LOC_STRINGS = YES;
				SWIFT_VERSION = 5.0;
				TARGETED_DEVICE_FAMILY = "1,2";
			};
			name = Release;
		};
/* End XCBuildConfiguration section */

/* Begin XCConfigurationList section */
		24C83AEF2885B6B000056E99 /* Build configuration list for PBXProject "Moonbag" */ = {
			isa = XCConfigurationList;
			buildConfigurations = (
				24C83B002885B6B100056E99 /* Debug */,
				24C83B012885B6B100056E99 /* Release */,
			);
			defaultConfigurationIsVisible = 0;
			defaultConfigurationName = Release;
		};
		24C83B022885B6B100056E99 /* Build configuration list for PBXNativeTarget "Moonbag" */ = {
			isa = XCConfigurationList;
			buildConfigurations = (
				24C83B032885B6B100056E99 /* Debug */,
				24C83B042885B6B100056E99 /* Release */,
			);
			defaultConfigurationIsVisible = 0;
			defaultConfigurationName = Release;
		};
/* End XCConfigurationList section */

/* Begin XCRemoteSwiftPackageReference section */
		24A1D7762886616F00908B82 /* XCRemoteSwiftPackageReference "lottie-ios" */ = {
			isa = XCRemoteSwiftPackageReference;
			repositoryURL = "https://github.com/airbnb/lottie-ios";
			requirement = {
				kind = upToNextMajorVersion;
				minimumVersion = 3.0.0;
			};
		};
		24F626172889AD8700F19B54 /* XCRemoteSwiftPackageReference "ChartView" */ = {
			isa = XCRemoteSwiftPackageReference;
			repositoryURL = "https://github.com/AppPear/ChartView";
			requirement = {
				kind = upToNextMajorVersion;
				minimumVersion = 1.0.0;
			};
		};
/* End XCRemoteSwiftPackageReference section */

/* Begin XCSwiftPackageProductDependency section */
		24A1D7772886616F00908B82 /* Lottie */ = {
			isa = XCSwiftPackageProductDependency;
			package = 24A1D7762886616F00908B82 /* XCRemoteSwiftPackageReference "lottie-ios" */;
			productName = Lottie;
		};
		24F626182889AD8700F19B54 /* SwiftUICharts */ = {
			isa = XCSwiftPackageProductDependency;
			package = 24F626172889AD8700F19B54 /* XCRemoteSwiftPackageReference "ChartView" */;
			productName = SwiftUICharts;
		};
/* End XCSwiftPackageProductDependency section */
	};
	rootObject = 24C83AEC2885B6B000056E99 /* Project object */;
}
